// !$*UTF8*$!
{
	archiveVersion = 1;
	classes = {
	};
	objectVersion = 46;
	objects = {

/* Begin PBXBuildFile section */
		AE7DEEB11C9FBAA400E38971 /* AppDelegate.swift in Sources */ = {isa = PBXBuildFile; fileRef = AE7DEEB01C9FBAA400E38971 /* AppDelegate.swift */; };
		AE7DEEB61C9FBAA400E38971 /* Main.storyboard in Resources */ = {isa = PBXBuildFile; fileRef = AE7DEEB41C9FBAA400E38971 /* Main.storyboard */; };
		AE7DEEB81C9FBAA400E38971 /* Assets.xcassets in Resources */ = {isa = PBXBuildFile; fileRef = AE7DEEB71C9FBAA400E38971 /* Assets.xcassets */; };
		AE7DEEBB1C9FBAA400E38971 /* LaunchScreen.storyboard in Resources */ = {isa = PBXBuildFile; fileRef = AE7DEEB91C9FBAA400E38971 /* LaunchScreen.storyboard */; };
		AE7DEEC31C9FC17C00E38971 /* RestaurantTableViewController.swift in Sources */ = {isa = PBXBuildFile; fileRef = AE7DEEC21C9FC17C00E38971 /* RestaurantTableViewController.swift */; };
		AE7DEEC51CA04BFA00E38971 /* CustomTableViewCell.swift in Sources */ = {isa = PBXBuildFile; fileRef = AE7DEEC41CA04BF900E38971 /* CustomTableViewCell.swift */; };
/* End PBXBuildFile section */

/* Begin PBXFileReference section */
		AE7DEEAD1C9FBAA400E38971 /* RestaurantsHongKong.app */ = {isa = PBXFileReference; explicitFileType = wrapper.application; includeInIndex = 0; path = RestaurantsHongKong.app; sourceTree = BUILT_PRODUCTS_DIR; };
		AE7DEEB01C9FBAA400E38971 /* AppDelegate.swift */ = {isa = PBXFileReference; lastKnownFileType = sourcecode.swift; path = AppDelegate.swift; sourceTree = "<group>"; };
		AE7DEEB51C9FBAA400E38971 /* Base */ = {isa = PBXFileReference; lastKnownFileType = file.storyboard; name = Base; path = Base.lproj/Main.storyboard; sourceTree = "<group>"; };
		AE7DEEB71C9FBAA400E38971 /* Assets.xcassets */ = {isa = PBXFileReference; lastKnownFileType = folder.assetcatalog; path = Assets.xcassets; sourceTree = "<group>"; };
		AE7DEEBA1C9FBAA400E38971 /* Base */ = {isa = PBXFileReference; lastKnownFileType = file.storyboard; name = Base; path = Base.lproj/LaunchScreen.storyboard; sourceTree = "<group>"; };
		AE7DEEBC1C9FBAA400E38971 /* Info.plist */ = {isa = PBXFileReference; lastKnownFileType = text.plist.xml; path = Info.plist; sourceTree = "<group>"; };
		AE7DEEC21C9FC17C00E38971 /* RestaurantTableViewController.swift */ = {isa = PBXFileReference; fileEncoding = 4; lastKnownFileType = sourcecode.swift; path = RestaurantTableViewController.swift; sourceTree = "<group>"; };
		AE7DEEC41CA04BF900E38971 /* CustomTableViewCell.swift */ = {isa = PBXFileReference; fileEncoding = 4; lastKnownFileType = sourcecode.swift; path = CustomTableViewCell.swift; sourceTree = "<group>"; };
/* End PBXFileReference section */

/* Begin PBXFrameworksBuildPhase section */
		AE7DEEAA1C9FBAA400E38971 /* Frameworks */ = {
			isa = PBXFrameworksBuildPhase;
			buildActionMask = 2147483647;
			files = (
			);
			runOnlyForDeploymentPostprocessing = 0;
		};
/* End PBXFrameworksBuildPhase section */

/* Begin PBXGroup section */
		AE7DEEA41C9FBAA400E38971 = {
			isa = PBXGroup;
			children = (
				AE7DEEAF1C9FBAA400E38971 /* RestaurantsHongKong */,
				AE7DEEAE1C9FBAA400E38971 /* Products */,
			);
			sourceTree = "<group>";
		};
		AE7DEEAE1C9FBAA400E38971 /* Products */ = {
			isa = PBXGroup;
			children = (
				AE7DEEAD1C9FBAA400E38971 /* RestaurantsHongKong.app */,
			);
			name = Products;
			sourceTree = "<group>";
		};
		AE7DEEAF1C9FBAA400E38971 /* RestaurantsHongKong */ = {
			isa = PBXGroup;
			children = (
				AE7DEEB01C9FBAA400E38971 /* AppDelegate.swift */,
				AE7DEEB41C9FBAA400E38971 /* Main.storyboard */,
				AE7DEEC21C9FC17C00E38971 /* RestaurantTableViewController.swift */,
				AE7DEEB71C9FBAA400E38971 /* Assets.xcassets */,
				AE7DEEB91C9FBAA400E38971 /* LaunchScreen.storyboard */,
				AE7DEEBC1C9FBAA400E38971 /* Info.plist */,
				AE7DEEC41CA04BF900E38971 /* CustomTableViewCell.swift */,
			);
			path = RestaurantsHongKong;
			sourceTree = "<group>";
		};
/* End PBXGroup section */

/* Begin PBXNativeTarget section */
		AE7DEEAC1C9FBAA400E38971 /* RestaurantsHongKong */ = {
			isa = PBXNativeTarget;
			buildConfigurationList = AE7DEEBF1C9FBAA400E38971 /* Build configuration list for PBXNativeTarget "RestaurantsHongKong" */;
			buildPhases = (
				AE7DEEA91C9FBAA400E38971 /* Sources */,
				AE7DEEAA1C9FBAA400E38971 /* Frameworks */,
				AE7DEEAB1C9FBAA400E38971 /* Resources */,
			);
			buildRules = (
			);
			dependencies = (
			);
			name = RestaurantsHongKong;
			productName = RestaurantsHongKong;
			productReference = AE7DEEAD1C9FBAA400E38971 /* RestaurantsHongKong.app */;
			productType = "com.apple.product-type.application";
		};
/* End PBXNativeTarget section */

/* Begin PBXProject section */
		AE7DEEA51C9FBAA400E38971 /* Project object */ = {
			isa = PBXProject;
			attributes = {
				LastSwiftUpdateCheck = 0720;
				LastUpgradeCheck = 0720;
				ORGANIZATIONNAME = xszhao;
				TargetAttributes = {
					AE7DEEAC1C9FBAA400E38971 = {
						CreatedOnToolsVersion = 7.2;
					};
				};
			};
			buildConfigurationList = AE7DEEA81C9FBAA400E38971 /* Build configuration list for PBXProject "RestaurantsHongKong" */;
			compatibilityVersion = "Xcode 3.2";
			developmentRegion = English;
			hasScannedForEncodings = 0;
			knownRegions = (
				en,
				Base,
			);
			mainGroup = AE7DEEA41C9FBAA400E38971;
			productRefGroup = AE7DEEAE1C9FBAA400E38971 /* Products */;
			projectDirPath = "";
			projectRoot = "";
			targets = (
				AE7DEEAC1C9FBAA400E38971 /* RestaurantsHongKong */,
			);
		};
/* End PBXProject section */

/* Begin PBXResourcesBuildPhase section */
		AE7DEEAB1C9FBAA400E38971 /* Resources */ = {
			isa = PBXResourcesBuildPhase;
			buildActionMask = 2147483647;
			files = (
				AE7DEEBB1C9FBAA400E38971 /* LaunchScreen.storyboard in Resources */,
				AE7DEEB81C9FBAA400E38971 /* Assets.xcassets in Resources */,
				AE7DEEB61C9FBAA400E38971 /* Main.storyboard in Resources */,
			);
			runOnlyForDeploymentPostprocessing = 0;
		};
/* End PBXResourcesBuildPhase section */

/* Begin PBXSourcesBuildPhase section */
		AE7DEEA91C9FBAA400E38971 /* Sources */ = {
			isa = PBXSourcesBuildPhase;
			buildActionMask = 2147483647;
			files = (
				AE7DEEC51CA04BFA00E38971 /* CustomTableViewCell.swift in Sources */,
				AE7DEEB11C9FBAA400E38971 /* AppDelegate.swift in Sources */,
				AE7DEEC31C9FC17C00E38971 /* RestaurantTableViewController.swift in Sources */,
			);
			runOnlyForDeploymentPostprocessing = 0;
		};
/* End PBXSourcesBuildPhase section */

/* Begin PBXVariantGroup section */
		AE7DEEB41C9FBAA400E38971 /* Main.storyboard */ = {
			isa = PBXVariantGroup;
			children = (
				AE7DEEB51C9FBAA400E38971 /* Base */,
			);
			name = Main.storyboard;
			sourceTree = "<group>";
		};
		AE7DEEB91C9FBAA400E38971 /* LaunchScreen.storyboard */ = {
			isa = PBXVariantGroup;
			children = (
				AE7DEEBA1C9FBAA400E38971 /* Base */,
			);
			name = LaunchScreen.storyboard;
			sourceTree = "<group>";
		};
/* End PBXVariantGroup section */

/* Begin XCBuildConfiguration section */
		AE7DEEBD1C9FBAA400E38971 /* Debug */ = {
			isa = XCBuildConfiguration;
			buildSettings = {
				ALWAYS_SEARCH_USER_PATHS = NO;
				CLANG_CXX_LANGUAGE_STANDARD = "gnu++0x";
				CLANG_CXX_LIBRARY = "libc++";
				CLANG_ENABLE_MODULES = YES;
				CLANG_ENABLE_OBJC_ARC = YES;
				CLANG_WARN_BOOL_CONVERSION = YES;
				CLANG_WARN_CONSTANT_CONVERSION = YES;
				CLANG_WARN_DIRECT_OBJC_ISA_USAGE = YES_ERROR;
				CLANG_WARN_EMPTY_BODY = YES;
				CLANG_WARN_ENUM_CONVERSION = YES;
				CLANG_WARN_INT_CONVERSION = YES;
				CLANG_WARN_OBJC_ROOT_CLASS = YES_ERROR;
				CLANG_WARN_UNREACHABLE_CODE = YES;
				CLANG_WARN__DUPLICATE_METHOD_MATCH = YES;
				"CODE_SIGN_IDENTITY[sdk=iphoneos*]" = "iPhone Developer";
				COPY_PHASE_STRIP = NO;
				DEBUG_INFORMATION_FORMAT = dwarf;
				ENABLE_STRICT_OBJC_MSGSEND = YES;
				ENABLE_TESTABILITY = YES;
				GCC_C_LANGUAGE_STANDARD = gnu99;
				GCC_DYNAMIC_NO_PIC = NO;
				GCC_NO_COMMON_BLOCKS = YES;
				GCC_OPTIMIZATION_LEVEL = 0;
				GCC_PREPROCESSOR_DEFINITIONS = (
					"DEBUG=1",
					"$(inherited)",
				);
				GCC_WARN_64_TO_32_BIT_CONVERSION = YES;
				GCC_WARN_ABOUT_RETURN_TYPE = YES_ERROR;
				GCC_WARN_UNDECLARED_SELECTOR = YES;
				GCC_WARN_UNINITIALIZED_AUTOS = YES_AGGRESSIVE;
				GCC_WARN_UNUSED_FUNCTION = YES;
				GCC_WARN_UNUSED_VARIABLE = YES;
				IPHONEOS_DEPLOYMENT_TARGET = 9.2;
				MTL_ENABLE_DEBUG_INFO = YES;
				ONLY_ACTIVE_ARCH = YES;
				SDKROOT = iphoneos;
				SWIFT_OPTIMIZATION_LEVEL = "-Onone";
				TARGETED_DEVICE_FAMILY = "1,2";
			};
			name = Debug;
		};
		AE7DEEBE1C9FBAA400E38971 /* Release */ = {
			isa = XCBuildConfiguration;
			buildSettings = {
				ALWAYS_SEARCH_USER_PATHS = NO;
				CLANG_CXX_LANGUAGE_STANDARD = "gnu++0x";
				CLANG_CXX_LIBRARY = "libc++";
				CLANG_ENABLE_MODULES = YES;
				CLANG_ENABLE_OBJC_ARC = YES;
				CLANG_WARN_BOOL_CONVERSION = YES;
				CLANG_WARN_CONSTANT_CONVERSION = YES;
				CLANG_WARN_DIRECT_OBJC_ISA_USAGE = YES_ERROR;
				CLANG_WARN_EMPTY_BODY = YES;
				CLANG_WARN_ENUM_CONVERSION = YES;
				CLANG_WARN_INT_CONVERSION = YES;
				CLANG_WARN_OBJC_ROOT_CLASS = YES_ERROR;
				CLANG_WARN_UNREACHABLE_CODE = YES;
				CLANG_WARN__DUPLICATE_METHOD_MATCH = YES;
				"CODE_SIGN_IDENTITY[sdk=iphoneos*]" = "iPhone Developer";
				COPY_PHASE_STRIP = NO;
				DEBUG_INFORMATION_FORMAT = "dwarf-with-dsym";
				ENABLE_NS_ASSERTIONS = NO;
				ENABLE_STRICT_OBJC_MSGSEND = YES;
				GCC_C_LANGUAGE_STANDARD = gnu99;
				GCC_NO_COMMON_BLOCKS = YES;
				GCC_WARN_64_TO_32_BIT_CONVERSION = YES;
				GCC_WARN_ABOUT_RETURN_TYPE = YES_ERROR;
				GCC_WARN_UNDECLARED_SELECTOR = YES;
				GCC_WARN_UNINITIALIZED_AUTOS = YES_AGGRESSIVE;
				GCC_WARN_UNUSED_FUNCTION = YES;
				GCC_WARN_UNUSED_VARIABLE = YES;
				IPHONEOS_DEPLOYMENT_TARGET = 9.2;
				MTL_ENABLE_DEBUG_INFO = NO;
				SDKROOT = iphoneos;
				TARGETED_DEVICE_FAMILY = "1,2";
				VALIDATE_PRODUCT = YES;
			};
			name = Release;
		};
		AE7DEEC01C9FBAA400E38971 /* Debug */ = {
			isa = XCBuildConfiguration;
			buildSettings = {
				ASSETCATALOG_COMPILER_APPICON_NAME = AppIcon;
				INFOPLIST_FILE = RestaurantsHongKong/Info.plist;
				LD_RUNPATH_SEARCH_PATHS = "$(inherited) @executable_path/Frameworks";
				PRODUCT_BUNDLE_IDENTIFIER = test.RestaurantsHongKong;
				PRODUCT_NAME = "$(TARGET_NAME)";
			};
			name = Debug;
		};
		AE7DEEC11C9FBAA400E38971 /* Release */ = {
			isa = XCBuildConfiguration;
			buildSettings = {
				ASSETCATALOG_COMPILER_APPICON_NAME = AppIcon;
				INFOPLIST_FILE = RestaurantsHongKong/Info.plist;
				LD_RUNPATH_SEARCH_PATHS = "$(inherited) @executable_path/Frameworks";
				PRODUCT_BUNDLE_IDENTIFIER = test.RestaurantsHongKong;
				PRODUCT_NAME = "$(TARGET_NAME)";
			};
			name = Release;
		};
/* End XCBuildConfiguration section */

/* Begin XCConfigurationList section */
		AE7DEEA81C9FBAA400E38971 /* Build configuration list for PBXProject "RestaurantsHongKong" */ = {
			isa = XCConfigurationList;
			buildConfigurations = (
				AE7DEEBD1C9FBAA400E38971 /* Debug */,
				AE7DEEBE1C9FBAA400E38971 /* Release */,
			);
			defaultConfigurationIsVisible = 0;
			defaultConfigurationName = Release;
		};
		AE7DEEBF1C9FBAA400E38971 /* Build configuration list for PBXNativeTarget "RestaurantsHongKong" */ = {
			isa = XCConfigurationList;
			buildConfigurations = (
				AE7DEEC01C9FBAA400E38971 /* Debug */,
				AE7DEEC11C9FBAA400E38971 /* Release */,
			);
			defaultConfigurationIsVisible = 0;
		};
/* End XCConfigurationList section */
	};
	rootObject = AE7DEEA51C9FBAA400E38971 /* Project object */;
}
